{
  "pins" : [
    {
      "identity" : "openapi-swift-code-generate",
      "kind" : "remoteSourceControl",
      "location" : "https://github.com/amzn/openapi-swift-code-generate.git",
      "state" : {
        "revision" : "c89614f73d55fb76d7e9d7c52149e86f61cd4a6b",
        "version" : "2.0.0"
      }
    },
    {
      "identity" : "openapikit",
      "kind" : "remoteSourceControl",
      "location" : "https://github.com/mattpolzin/OpenAPIKit.git",
      "state" : {
        "revision" : "e805233e54afd394937cecb0a28e575b3388f60f",
        "version" : "3.0.0-alpha.9"
      }
    },
    {
      "identity" : "service-model-swift-code-generate",
      "kind" : "remoteSourceControl",
      "location" : "https://github.com/amzn/service-model-swift-code-generate.git",
      "state" : {
        "revision" : "b9d45b4d05196c26247d4bd3aca83c1e53eed72c",
        "version" : "3.0.2"
      }
    },
    {
      "identity" : "swaggerparser",
      "kind" : "remoteSourceControl",
      "location" : "https://github.com/tachyonics/SwaggerParser.git",
      "state" : {
        "revision" : "c0eb70485c59a9d7dd6765dcd303b49fdb3040ee",
        "version" : "0.6.4"
      }
    },
    {
      "identity" : "swift-argument-parser",
      "kind" : "remoteSourceControl",
      "location" : "https://github.com/apple/swift-argument-parser",
      "state" : {
        "revision" : "fee6933f37fde9a5e12a1e4aeaa93fe60116ff2a",
        "version" : "1.2.2"
      }
    },
    {
      "identity" : "yams",
      "kind" : "remoteSourceControl",
      "location" : "https://github.com/jpsim/Yams.git",
      "state" : {
        "revision" : "9ff1cc9327586db4e0c8f46f064b6a82ec1566fa",
        "version" : "4.0.6"
      }
    }
  ],
  "version" : 2
}
