{
  "object": {
    "pins": [
      {
        "package": "FineJSON",
        "repositoryURL": "https://github.com/omochi/FineJSON.git",
        "state": {
          "branch": null,
          "revision": "05101709243cb66d80c92e645210a3b80cf4e17f",
          "version": "1.14.0"
        }
      },
      {
        "package": "OpenAPIKit",
        "repositoryURL": "https://github.com/mattpolzin/OpenAPIKit.git",
        "state": {
          "branch": null,
          "revision": "4986552e76c331a99770428bd2be77ad76068c08",
          "version": "2.4.0"
        }
      },
      {
        "package": "RichJSONParser",
        "repositoryURL": "https://github.com/omochi/RichJSONParser.git",
        "state": {
          "branch": null,
          "revision": "263e2ecfe88d0500fa99e4cbc8c948529d335534",
          "version": "3.0.0"
        }
      },
      {
        "package": "ServiceModelSwiftCodeGenerate",
        "repositoryURL": "https://github.com/amzn/service-model-swift-code-generate.git",
        "state": {
          "branch": "working",
          "revision": "92cc4c7c45a942c56353a30a7004cc9f79cf6594",
          "version": null
        }
      },
      {
        "package": "SwaggerParser",
        "repositoryURL": "https://github.com/tachyonics/SwaggerParser.git",
        "state": {
          "branch": null,
          "revision": "c0eb70485c59a9d7dd6765dcd303b49fdb3040ee",
          "version": "0.6.4"
        }
      },
      {
        "package": "swift-argument-parser",
        "repositoryURL": "https://github.com/apple/swift-argument-parser",
        "state": {
          "branch": null,
          "revision": "986d191f94cec88f6350056da59c2e59e83d1229",
          "version": "0.4.3"
        }
      },
      {
        "package": "Yams",
        "repositoryURL": "https://github.com/jpsim/Yams.git",
        "state": {
          "branch": null,
          "revision": "9ff1cc9327586db4e0c8f46f064b6a82ec1566fa",
          "version": "4.0.6"
        }
      }
    ]
  },
  "version": 1
}
